
Microsoft Visual Studio Solution File, Format Version 12.00
# Visual Studio Version 16
VisualStudioVersion = 16.0.30204.135
MinimumVisualStudioVersion = 10.0.40219.1
Project("{FAE04EC0-301F-11D3-BF4B-00C04F79EFBC}") = "marraia.SOLID", "marraia.SOLID\marraia.SOLID.csproj", "{6232BA69-0B49-41D7-89C0-5CCD70FB3E56}"
EndProject
Global
	GlobalSection(SolutionConfigurationPlatforms) = preSolution
		Debug|Any CPU = Debug|Any CPU
		Release|Any CPU = Release|Any CPU
	EndGlobalSection
	GlobalSection(ProjectConfigurationPlatforms) = postSolution
		{6232BA69-0B49-41D7-89C0-5CCD70FB3E56}.Debug|Any CPU.ActiveCfg = Debug|Any CPU
		{6232BA69-0B49-41D7-89C0-5CCD70FB3E56}.Debug|Any CPU.Build.0 = Debug|Any CPU
		{6232BA69-0B49-41D7-89C0-5CCD70FB3E56}.Release|Any CPU.ActiveCfg = Release|Any CPU
		{6232BA69-0B49-41D7-89C0-5CCD70FB3E56}.Release|Any CPU.Build.0 = Release|Any CPU
	EndGlobalSection
	GlobalSection(SolutionProperties) = preSolution
		HideSolutionNode = FALSE
	EndGlobalSection
	GlobalSection(ExtensibilityGlobals) = postSolution
		SolutionGuid = {9AFCE7EA-3DB9-4621-B968-CBA69918A6AC}
	EndGlobalSection
EndGlobal
